{
    "version": 3,
    "terraform_version": "0.9.5",
    "serial": 4,
    "lineage": "5a7436e9-7842-4bf7-8249-9cc6c83c3952",
    "modules": [
        {
            "path": [
                "root"
            ],
            "outputs": {},
            "resources": {
                "aws_autoscaling_attachment.asg_attachment": {
                    "type": "aws_autoscaling_attachment",
                    "depends_on": [
                        "aws_autoscaling_group.asg",
                        "aws_elb.terraelb"
                    ],
                    "primary": {
                        "id": "terraform-test-00fd92d9f153380cde209f192f",
                        "attributes": {
                            "autoscaling_group_name": "terraform-test",
                            "elb": "terraform-elb",
                            "id": "terraform-test-00fd92d9f153380cde209f192f"
                        },
                        "meta": {},
                        "tainted": false
                    },
                    "deposed": [],
                    "provider": ""
                },
                "aws_autoscaling_group.asg": {
                    "type": "aws_autoscaling_group",
                    "depends_on": [
                        "aws_launch_configuration.test",
                        "aws_subnet.terrapubsubnet2",
                        "aws_subnet.terrapvtsubnet"
                    ],
                    "primary": {
                        "id": "terraform-test",
                        "attributes": {
                            "arn": "arn:aws:autoscaling:us-east-1:800702316730:autoScalingGroup:f329b8fe-a759-47df-8d26-08af5a0a7083:autoScalingGroupName/terraform-test",
                            "availability_zones.#": "2",
                            "availability_zones.1305112097": "us-east-1b",
                            "availability_zones.3569565595": "us-east-1a",
                            "default_cooldown": "300",
                            "desired_capacity": "2",
                            "force_delete": "true",
                            "health_check_grace_period": "300",
                            "health_check_type": "ELB",
                            "id": "terraform-test",
                            "launch_configuration": "terraform",
                            "load_balancers.#": "1",
                            "load_balancers.3768627209": "terraform-elb",
                            "max_size": "5",
                            "metrics_granularity": "1Minute",
                            "min_size": "2",
                            "name": "terraform-test",
                            "placement_group": "",
                            "protect_from_scale_in": "false",
                            "suspended_processes.#": "0",
                            "tag.#": "0",
                            "target_group_arns.#": "0",
                            "termination_policies.#": "0",
                            "vpc_zone_identifier.#": "2",
                            "vpc_zone_identifier.2964855369": "subnet-b01be0ea",
                            "vpc_zone_identifier.99246040": "subnet-f5308ebd",
                            "wait_for_capacity_timeout": "10m"
                        },
                        "meta": {},
                        "tainted": false
                    },
                    "deposed": [],
                    "provider": ""
                },
                "aws_autoscaling_lifecycle_hook.aslh": {
                    "type": "aws_autoscaling_lifecycle_hook",
                    "depends_on": [
                        "aws_autoscaling_group.asg"
                    ],
                    "primary": {
                        "id": "test-aslh",
                        "attributes": {
                            "autoscaling_group_name": "terraform-test",
                            "default_result": "CONTINUE",
                            "heartbeat_timeout": "2000",
                            "id": "test-aslh",
                            "lifecycle_transition": "autoscaling:EC2_INSTANCE_LAUNCHING",
                            "name": "test-aslh",
                            "notification_metadata": "",
                            "notification_target_arn": "",
                            "role_arn": ""
                        },
                        "meta": {},
                        "tainted": false
                    },
                    "deposed": [],
                    "provider": ""
                },
                "aws_autoscaling_policy.bat": {
                    "type": "aws_autoscaling_policy",
                    "depends_on": [
                        "aws_autoscaling_group.asg"
                    ],
                    "primary": {
                        "id": "foobar3-terraform-test",
                        "attributes": {
                            "adjustment_type": "ChangeInCapacity",
                            "arn": "arn:aws:autoscaling:us-east-1:800702316730:scalingPolicy:dbdc6e4b-73c0-455f-8bb0-d9ddcca54a4c:autoScalingGroupName/terraform-test:policyName/foobar3-terraform-test",
                            "autoscaling_group_name": "terraform-test",
                            "cooldown": "300",
                            "estimated_instance_warmup": "0",
                            "id": "foobar3-terraform-test",
                            "metric_aggregation_type": "",
                            "min_adjustment_step": "0",
                            "name": "foobar3-terraform-test",
                            "policy_type": "SimpleScaling",
                            "scaling_adjustment": "4",
                            "step_adjustment.#": "0"
                        },
                        "meta": {},
                        "tainted": false
                    },
                    "deposed": [],
                    "provider": ""
                },
                "aws_ebs_volume.ebs2nd": {
                    "type": "aws_ebs_volume",
                    "depends_on": [],
                    "primary": {
                        "id": "vol-05ffe66313d512299",
                        "attributes": {
                            "availability_zone": "us-east-1b",
                            "encrypted": "false",
                            "id": "vol-05ffe66313d512299",
                            "size": "4",
                            "snapshot_id": "",
                            "tags.%": "1",
                            "tags.Name": "ebs for second ec2 ",
                            "type": "standard"
                        },
                        "meta": {},
                        "tainted": false
                    },
                    "deposed": [],
                    "provider": ""
                },
                "aws_ebs_volume.ebsfst": {
                    "type": "aws_ebs_volume",
                    "depends_on": [],
                    "primary": {
                        "id": "vol-076c5fbe779d3c9a8",
                        "attributes": {
                            "availability_zone": "us-east-1c",
                            "encrypted": "false",
                            "id": "vol-076c5fbe779d3c9a8",
                            "size": "4",
                            "snapshot_id": "",
                            "tags.%": "1",
                            "tags.Name": "ebs for first ec2 ",
                            "type": "standard"
                        },
                        "meta": {},
                        "tainted": false
                    },
                    "deposed": [],
                    "provider": ""
                },
                "aws_eip.pubec2fst": {
                    "type": "aws_eip",
                    "depends_on": [
                        "aws_instance.pubec2fst"
                    ],
                    "primary": {
                        "id": "eipalloc-fbccdbca",
                        "attributes": {
                            "association_id": "eipassoc-ec0ca3df",
                            "domain": "vpc",
                            "id": "eipalloc-fbccdbca",
                            "instance": "i-0c147ff9994526427",
                            "network_interface": "eni-6d4c1179",
                            "private_ip": "10.0.0.172",
                            "public_ip": "34.224.137.111",
                            "vpc": "true"
                        },
                        "meta": {},
                        "tainted": false
                    },
                    "deposed": [],
                    "provider": ""
                },
                "aws_eip.pubec2snd": {
                    "type": "aws_eip",
                    "depends_on": [
                        "aws_instance.pubec2snd"
                    ],
                    "primary": {
                        "id": "eipalloc-17cbdc26",
                        "attributes": {
                            "association_id": "eipassoc-f12f80c2",
                            "domain": "vpc",
                            "id": "eipalloc-17cbdc26",
                            "instance": "i-08f018467d630c7a6",
                            "network_interface": "eni-2c71edf7",
                            "private_ip": "10.0.16.238",
                            "public_ip": "34.194.215.246",
                            "vpc": "true"
                        },
                        "meta": {},
                        "tainted": false
                    },
                    "deposed": [],
                    "provider": ""
                },
                "aws_elb.terraelb": {
                    "type": "aws_elb",
                    "depends_on": [
                        "aws_instance.pubec2fst",
                        "aws_instance.pubec2snd",
                        "aws_s3_bucket.bucketforelblog",
                        "aws_subnet.terrapubsubnet",
                        "aws_subnet.terrapubsubnet2"
                    ],
                    "primary": {
                        "id": "terraform-elb",
                        "attributes": {
                            "access_logs.#": "1",
                            "access_logs.0.bucket": "elb_logss",
                            "access_logs.0.bucket_prefix": "",
                            "access_logs.0.enabled": "true",
                            "access_logs.0.interval": "60",
                            "availability_zones.#": "2",
                            "availability_zones.1305112097": "us-east-1b",
                            "availability_zones.986537655": "us-east-1c",
                            "connection_draining": "false",
                            "connection_draining_timeout": "300",
                            "cross_zone_load_balancing": "true",
                            "dns_name": "internal-terraform-elb-1996497323.us-east-1.elb.amazonaws.com",
                            "health_check.#": "1",
                            "health_check.0.healthy_threshold": "2",
                            "health_check.0.interval": "30",
                            "health_check.0.target": "HTTP:8000/",
                            "health_check.0.timeout": "3",
                            "health_check.0.unhealthy_threshold": "2",
                            "id": "terraform-elb",
                            "idle_timeout": "60",
                            "instances.#": "2",
                            "instances.3375602010": "i-08f018467d630c7a6",
                            "instances.3591410702": "i-0c147ff9994526427",
                            "internal": "true",
                            "listener.#": "1",
                            "listener.206423021.instance_port": "8000",
                            "listener.206423021.instance_protocol": "http",
                            "listener.206423021.lb_port": "80",
                            "listener.206423021.lb_protocol": "http",
                            "listener.206423021.ssl_certificate_id": "",
                            "name": "terraform-elb",
                            "security_groups.#": "1",
                            "security_groups.203308710": "sg-d61c6da8",
                            "source_security_group": "800702316730/default",
                            "source_security_group_id": "sg-d61c6da8",
                            "subnets.#": "2",
                            "subnets.2438236607": "subnet-802f05e5",
                            "subnets.2964855369": "subnet-b01be0ea",
                            "tags.%": "1",
                            "tags.Name": "aws-terraform-elb",
                            "zone_id": "Z35SXDOTRQ7X7K"
                        },
                        "meta": {},
                        "tainted": false
                    },
                    "deposed": [],
                    "provider": ""
                },
                "aws_instance.pubec2fst": {
                    "type": "aws_instance",
                    "depends_on": [
                        "aws_security_group.allow_all",
                        "aws_subnet.terrapubsubnet"
                    ],
                    "primary": {
                        "id": "i-0c147ff9994526427",
                        "attributes": {
                            "ami": "ami-80861296",
                            "associate_public_ip_address": "true",
                            "availability_zone": "us-east-1c",
                            "disable_api_termination": "false",
                            "ebs_block_device.#": "0",
                            "ebs_optimized": "false",
                            "ephemeral_block_device.#": "0",
                            "iam_instance_profile": "",
                            "id": "i-0c147ff9994526427",
                            "instance_state": "running",
                            "instance_type": "t2.micro",
                            "ipv6_address_count": "0",
                            "ipv6_addresses.#": "0",
                            "key_name": "aws-terraform",
                            "monitoring": "false",
                            "network_interface.#": "0",
                            "network_interface_id": "eni-6d4c1179",
                            "primary_network_interface_id": "eni-6d4c1179",
                            "private_dns": "ip-10-0-0-172.ec2.internal",
                            "private_ip": "10.0.0.172",
                            "public_dns": "ec2-54-236-62-115.compute-1.amazonaws.com",
                            "public_ip": "54.236.62.115",
                            "root_block_device.#": "1",
                            "root_block_device.0.delete_on_termination": "true",
                            "root_block_device.0.iops": "100",
                            "root_block_device.0.volume_size": "8",
                            "root_block_device.0.volume_type": "gp2",
                            "security_groups.#": "0",
                            "source_dest_check": "true",
                            "subnet_id": "subnet-802f05e5",
                            "tags.%": "1",
                            "tags.Name": "terraform ec2 fst",
                            "tenancy": "default",
                            "volume_tags.%": "0",
                            "vpc_security_group_ids.#": "1",
                            "vpc_security_group_ids.2897270126": "sg-8f1d6cf1"
                        },
                        "meta": {
                            "schema_version": "1"
                        },
                        "tainted": false
                    },
                    "deposed": [],
                    "provider": ""
                },
                "aws_instance.pubec2snd": {
                    "type": "aws_instance",
                    "depends_on": [
                        "aws_subnet.terrapubsubnet2"
                    ],
                    "primary": {
                        "id": "i-08f018467d630c7a6",
                        "attributes": {
                            "ami": "ami-80861296",
                            "associate_public_ip_address": "true",
                            "availability_zone": "us-east-1b",
                            "disable_api_termination": "false",
                            "ebs_block_device.#": "1",
                            "ebs_block_device.2484959975.delete_on_termination": "false",
                            "ebs_block_device.2484959975.device_name": "/dev/sdh",
                            "ebs_block_device.2484959975.encrypted": "false",
                            "ebs_block_device.2484959975.iops": "0",
                            "ebs_block_device.2484959975.snapshot_id": "",
                            "ebs_block_device.2484959975.volume_size": "4",
                            "ebs_block_device.2484959975.volume_type": "standard",
                            "ebs_optimized": "false",
                            "ephemeral_block_device.#": "0",
                            "iam_instance_profile": "",
                            "id": "i-08f018467d630c7a6",
                            "instance_state": "running",
                            "instance_type": "t2.micro",
                            "ipv6_address_count": "0",
                            "ipv6_addresses.#": "0",
                            "key_name": "aws-terraform",
                            "monitoring": "false",
                            "network_interface.#": "0",
                            "network_interface_id": "eni-2c71edf7",
                            "primary_network_interface_id": "eni-2c71edf7",
                            "private_dns": "ip-10-0-16-238.ec2.internal",
                            "private_ip": "10.0.16.238",
                            "public_dns": "ec2-34-194-215-246.compute-1.amazonaws.com",
                            "public_ip": "34.194.215.246",
                            "root_block_device.#": "1",
                            "root_block_device.0.delete_on_termination": "true",
                            "root_block_device.0.iops": "100",
                            "root_block_device.0.volume_size": "8",
                            "root_block_device.0.volume_type": "gp2",
                            "security_groups.#": "0",
                            "source_dest_check": "true",
                            "subnet_id": "subnet-b01be0ea",
                            "tags.%": "1",
                            "tags.Name": "terraform ec2 fst",
                            "tenancy": "default",
                            "volume_tags.%": "1",
                            "volume_tags.Name": "ebs for second ec2 ",
                            "vpc_security_group_ids.#": "1",
                            "vpc_security_group_ids.203308710": "sg-d61c6da8"
                        },
                        "meta": {
                            "schema_version": "1"
                        },
                        "tainted": false
                    },
                    "deposed": [],
                    "provider": ""
                },
                "aws_internet_gateway.terraigw": {
                    "type": "aws_internet_gateway",
                    "depends_on": [
                        "aws_vpc.terravpc"
                    ],
                    "primary": {
                        "id": "igw-e55ef683",
                        "attributes": {
                            "id": "igw-e55ef683",
                            "tags.%": "1",
                            "tags.Name": "terraform IGW",
                            "vpc_id": "vpc-5bbf4222"
                        },
                        "meta": {},
                        "tainted": false
                    },
                    "deposed": [],
                    "provider": ""
                },
                "aws_launch_configuration.test": {
                    "type": "aws_launch_configuration",
                    "depends_on": [
                        "aws_security_group.allow_all"
                    ],
                    "primary": {
                        "id": "terraform",
                        "attributes": {
                            "associate_public_ip_address": "false",
                            "ebs_block_device.#": "0",
                            "ebs_optimized": "false",
                            "enable_monitoring": "true",
                            "ephemeral_block_device.#": "0",
                            "iam_instance_profile": "",
                            "id": "terraform",
                            "image_id": "ami-80861296",
                            "instance_type": "t2.micro",
                            "key_name": "",
                            "name": "terraform",
                            "root_block_device.#": "0",
                            "security_groups.#": "1",
                            "security_groups.2897270126": "sg-8f1d6cf1",
                            "spot_price": "",
                            "vpc_classic_link_id": "",
                            "vpc_classic_link_security_groups.#": "0"
                        },
                        "meta": {},
                        "tainted": false
                    },
                    "deposed": [],
                    "provider": ""
                },
                "aws_route_table.route_pub": {
                    "type": "aws_route_table",
                    "depends_on": [
                        "aws_internet_gateway.terraigw",
                        "aws_vpc.terravpc"
                    ],
                    "primary": {
                        "id": "rtb-68852d10",
                        "attributes": {
                            "id": "rtb-68852d10",
                            "propagating_vgws.#": "0",
                            "route.#": "1",
                            "route.1799477940.cidr_block": "0.0.0.0/0",
                            "route.1799477940.egress_only_gateway_id": "",
                            "route.1799477940.gateway_id": "igw-e55ef683",
                            "route.1799477940.instance_id": "",
                            "route.1799477940.ipv6_cidr_block": "",
                            "route.1799477940.nat_gateway_id": "",
                            "route.1799477940.network_interface_id": "",
                            "route.1799477940.vpc_peering_connection_id": "",
                            "tags.%": "1",
                            "tags.Name": "public route",
                            "vpc_id": "vpc-5bbf4222"
                        },
                        "meta": {},
                        "tainted": false
                    },
                    "deposed": [],
                    "provider": ""
                },
                "aws_route_table.route_pvt": {
                    "type": "aws_route_table",
                    "depends_on": [
                        "aws_vpc.terravpc"
                    ],
                    "primary": {
                        "id": "rtb-898129f1",
                        "attributes": {
                            "id": "rtb-898129f1",
                            "propagating_vgws.#": "0",
                            "route.#": "0",
                            "tags.%": "1",
                            "tags.Name": "private route",
                            "vpc_id": "vpc-5bbf4222"
                        },
                        "meta": {},
                        "tainted": false
                    },
                    "deposed": [],
                    "provider": ""
                },
                "aws_route_table_association.pub": {
                    "type": "aws_route_table_association",
                    "depends_on": [
                        "aws_route_table.route_pub",
                        "aws_subnet.terrapubsubnet"
                    ],
                    "primary": {
                        "id": "rtbassoc-8122a0fa",
                        "attributes": {
                            "id": "rtbassoc-8122a0fa",
                            "route_table_id": "rtb-68852d10",
                            "subnet_id": "subnet-802f05e5"
                        },
                        "meta": {},
                        "tainted": false
                    },
                    "deposed": [],
                    "provider": ""
                },
                "aws_route_table_association.pub2": {
                    "type": "aws_route_table_association",
                    "depends_on": [
                        "aws_route_table.route_pub",
                        "aws_subnet.terrapubsubnet2"
                    ],
                    "primary": {
                        "id": "rtbassoc-d821a3a3",
                        "attributes": {
                            "id": "rtbassoc-d821a3a3",
                            "route_table_id": "rtb-68852d10",
                            "subnet_id": "subnet-b01be0ea"
                        },
                        "meta": {},
                        "tainted": false
                    },
                    "deposed": [],
                    "provider": ""
                },
                "aws_route_table_association.pvt": {
                    "type": "aws_route_table_association",
                    "depends_on": [
                        "aws_route_table.route_pvt",
                        "aws_subnet.terrapvtsubnet"
                    ],
                    "primary": {
                        "id": "rtbassoc-0f20a274",
                        "attributes": {
                            "id": "rtbassoc-0f20a274",
                            "route_table_id": "rtb-898129f1",
                            "subnet_id": "subnet-f5308ebd"
                        },
                        "meta": {},
                        "tainted": false
                    },
                    "deposed": [],
                    "provider": ""
                },
                "aws_s3_bucket.bucket": {
                    "type": "aws_s3_bucket",
                    "depends_on": [],
                    "primary": {
                        "id": "Pukhu",
                        "attributes": {
                            "acceleration_status": "",
                            "acl": "private",
                            "arn": "arn:aws:s3:::Pukhu",
                            "bucket": "Pukhu",
                            "bucket_domain_name": "Pukhu.s3.amazonaws.com",
                            "force_destroy": "false",
                            "hosted_zone_id": "Z3AQBSTGFYJSTF",
                            "id": "Pukhu",
                            "logging.#": "0",
                            "region": "us-east-1",
                            "request_payer": "BucketOwner",
                            "tags.%": "0",
                            "versioning.#": "1",
                            "versioning.0.enabled": "false",
                            "versioning.0.mfa_delete": "false",
                            "website.#": "0"
                        },
                        "meta": {},
                        "tainted": false
                    },
                    "deposed": [],
                    "provider": ""
                },
                "aws_s3_bucket.bucketforelblog": {
                    "type": "aws_s3_bucket",
                    "depends_on": [],
                    "primary": {
                        "id": "elb_logss",
                        "attributes": {
                            "acceleration_status": "",
                            "acl": "public-read-write",
                            "arn": "arn:aws:s3:::elb_logss",
                            "bucket": "elb_logss",
                            "bucket_domain_name": "elb_logss.s3.amazonaws.com",
                            "force_destroy": "false",
                            "hosted_zone_id": "Z3AQBSTGFYJSTF",
                            "id": "elb_logss",
                            "logging.#": "0",
                            "region": "us-east-1",
                            "request_payer": "BucketOwner",
                            "tags.%": "0",
                            "versioning.#": "1",
                            "versioning.0.enabled": "false",
                            "versioning.0.mfa_delete": "false",
                            "website.#": "0"
                        },
                        "meta": {},
                        "tainted": false
                    },
                    "deposed": [],
                    "provider": ""
                },
                "aws_security_group.allow_all": {
                    "type": "aws_security_group",
                    "depends_on": [
                        "aws_vpc.terravpc"
                    ],
                    "primary": {
                        "id": "sg-8f1d6cf1",
                        "attributes": {
                            "description": "Allow all inbound traffic",
                            "egress.#": "0",
                            "id": "sg-8f1d6cf1",
                            "ingress.#": "2",
                            "ingress.1163740523.cidr_blocks.#": "1",
                            "ingress.1163740523.cidr_blocks.0": "0.0.0.0/0",
                            "ingress.1163740523.from_port": "3306",
                            "ingress.1163740523.ipv6_cidr_blocks.#": "0",
                            "ingress.1163740523.protocol": "tcp",
                            "ingress.1163740523.security_groups.#": "0",
                            "ingress.1163740523.self": "false",
                            "ingress.1163740523.to_port": "3306",
                            "ingress.482069346.cidr_blocks.#": "1",
                            "ingress.482069346.cidr_blocks.0": "0.0.0.0/0",
                            "ingress.482069346.from_port": "0",
                            "ingress.482069346.ipv6_cidr_blocks.#": "0",
                            "ingress.482069346.protocol": "-1",
                            "ingress.482069346.security_groups.#": "0",
                            "ingress.482069346.self": "false",
                            "ingress.482069346.to_port": "0",
                            "name": "allow_all",
                            "owner_id": "800702316730",
                            "tags.%": "0",
                            "vpc_id": "vpc-5bbf4222"
                        },
                        "meta": {},
                        "tainted": false
                    },
                    "deposed": [],
                    "provider": ""
                },
                "aws_security_group_rule.all_inbound": {
                    "type": "aws_security_group_rule",
                    "depends_on": [
                        "aws_security_group.allow_all"
                    ],
                    "primary": {
                        "id": "sgrule-1789279394",
                        "attributes": {
                            "cidr_blocks.#": "1",
                            "cidr_blocks.0": "0.0.0.0/0",
                            "from_port": "0",
                            "id": "sgrule-1789279394",
                            "ipv6_cidr_blocks.#": "0",
                            "prefix_list_ids.#": "0",
                            "protocol": "-1",
                            "security_group_id": "sg-8f1d6cf1",
                            "self": "false",
                            "to_port": "0",
                            "type": "ingress"
                        },
                        "meta": {
                            "schema_version": "2"
                        },
                        "tainted": false
                    },
                    "deposed": [],
                    "provider": ""
                },
                "aws_security_group_rule.allow_db_access": {
                    "type": "aws_security_group_rule",
                    "depends_on": [
                        "aws_security_group.allow_all"
                    ],
                    "primary": {
                        "id": "sgrule-2664505113",
                        "attributes": {
                            "cidr_blocks.#": "1",
                            "cidr_blocks.0": "0.0.0.0/0",
                            "from_port": "3306",
                            "id": "sgrule-2664505113",
                            "ipv6_cidr_blocks.#": "0",
                            "prefix_list_ids.#": "0",
                            "protocol": "tcp",
                            "security_group_id": "sg-8f1d6cf1",
                            "self": "false",
                            "to_port": "3306",
                            "type": "ingress"
                        },
                        "meta": {
                            "schema_version": "2"
                        },
                        "tainted": false
                    },
                    "deposed": [],
                    "provider": ""
                },
                "aws_subnet.terrapubsubnet": {
                    "type": "aws_subnet",
                    "depends_on": [
                        "aws_vpc.terravpc"
                    ],
                    "primary": {
                        "id": "subnet-802f05e5",
                        "attributes": {
                            "assign_ipv6_address_on_creation": "false",
                            "availability_zone": "us-east-1c",
                            "cidr_block": "10.0.0.0/24",
                            "id": "subnet-802f05e5",
                            "map_public_ip_on_launch": "false",
                            "tags.%": "1",
                            "tags.Name": "terraform public subnet",
                            "vpc_id": "vpc-5bbf4222"
                        },
                        "meta": {
                            "schema_version": "1"
                        },
                        "tainted": false
                    },
                    "deposed": [],
                    "provider": ""
                },
                "aws_subnet.terrapubsubnet2": {
                    "type": "aws_subnet",
                    "depends_on": [
                        "aws_vpc.terravpc"
                    ],
                    "primary": {
                        "id": "subnet-b01be0ea",
                        "attributes": {
                            "assign_ipv6_address_on_creation": "false",
                            "availability_zone": "us-east-1b",
                            "cidr_block": "10.0.16.0/24",
                            "id": "subnet-b01be0ea",
                            "map_public_ip_on_launch": "false",
                            "tags.%": "1",
                            "tags.Name": "terraform public2 subnet",
                            "vpc_id": "vpc-5bbf4222"
                        },
                        "meta": {
                            "schema_version": "1"
                        },
                        "tainted": false
                    },
                    "deposed": [],
                    "provider": ""
                },
                "aws_subnet.terrapvtsubnet": {
                    "type": "aws_subnet",
                    "depends_on": [
                        "aws_vpc.terravpc"
                    ],
                    "primary": {
                        "id": "subnet-f5308ebd",
                        "attributes": {
                            "assign_ipv6_address_on_creation": "false",
                            "availability_zone": "us-east-1a",
                            "cidr_block": "10.0.32.0/24",
                            "id": "subnet-f5308ebd",
                            "map_public_ip_on_launch": "false",
                            "tags.%": "1",
                            "tags.Name": "terraform private subnet",
                            "vpc_id": "vpc-5bbf4222"
                        },
                        "meta": {
                            "schema_version": "1"
                        },
                        "tainted": false
                    },
                    "deposed": [],
                    "provider": ""
                },
                "aws_volume_attachment.ebs_atttoec2fst": {
                    "type": "aws_volume_attachment",
                    "depends_on": [
                        "aws_ebs_volume.ebsfst",
                        "aws_instance.pubec2fst"
                    ],
                    "primary": {
                        "id": "vai-3146966022",
                        "attributes": {
                            "device_name": "/dev/sdh",
                            "id": "vai-3146966022",
                            "instance_id": "i-0c147ff9994526427",
                            "volume_id": "vol-076c5fbe779d3c9a8"
                        },
                        "meta": {},
                        "tainted": false
                    },
                    "deposed": [],
                    "provider": ""
                },
                "aws_volume_attachment.ebs_atttoec2snd": {
                    "type": "aws_volume_attachment",
                    "depends_on": [
                        "aws_ebs_volume.ebs2nd",
                        "aws_instance.pubec2snd"
                    ],
                    "primary": {
                        "id": "vai-1817948321",
                        "attributes": {
                            "device_name": "/dev/sdh",
                            "id": "vai-1817948321",
                            "instance_id": "i-08f018467d630c7a6",
                            "volume_id": "vol-05ffe66313d512299"
                        },
                        "meta": {},
                        "tainted": false
                    },
                    "deposed": [],
                    "provider": ""
                },
                "aws_vpc.terravpc": {
                    "type": "aws_vpc",
                    "depends_on": [],
                    "primary": {
                        "id": "vpc-5bbf4222",
                        "attributes": {
                            "assign_generated_ipv6_cidr_block": "false",
                            "cidr_block": "10.0.0.0/16",
                            "default_network_acl_id": "acl-3ce27145",
                            "default_route_table_id": "rtb-f681298e",
                            "default_security_group_id": "sg-d61c6da8",
                            "dhcp_options_id": "dopt-bd5a2fd9",
                            "enable_classiclink": "false",
                            "enable_dns_hostnames": "true",
                            "enable_dns_support": "true",
                            "id": "vpc-5bbf4222",
                            "instance_tenancy": "default",
                            "main_route_table_id": "rtb-f681298e",
                            "tags.%": "1",
                            "tags.Name": "terraform vpc"
                        },
                        "meta": {
                            "schema_version": "1"
                        },
                        "tainted": false
                    },
                    "deposed": [],
                    "provider": ""
                }
            },
            "depends_on": []
        }
    ]
}
